
Microsoft Visual Studio Solution File, Format Version 12.00
# Visual Studio Version 17
VisualStudioVersion = 17.0.31919.166
MinimumVisualStudioVersion = 10.0.40219.1
Project("{FAE04EC0-301F-11D3-BF4B-00C04F79EFBC}") = "RectylescOS11", "RectylescOS11\RectylescOS11.csproj", "{B83B4B8D-9BF6-457E-BB9D-D2F8DCD74FD0}"
EndProject
Global
	GlobalSection(SolutionConfigurationPlatforms) = preSolution
		Debug|Any CPU = Debug|Any CPU
		Release|Any CPU = Release|Any CPU
	EndGlobalSection
	GlobalSection(ProjectConfigurationPlatforms) = postSolution
		{B83B4B8D-9BF6-457E-BB9D-D2F8DCD74FD0}.Debug|Any CPU.ActiveCfg = Debug|Any CPU
		{B83B4B8D-9BF6-457E-BB9D-D2F8DCD74FD0}.Debug|Any CPU.Build.0 = Debug|Any CPU
		{B83B4B8D-9BF6-457E-BB9D-D2F8DCD74FD0}.Release|Any CPU.ActiveCfg = Release|Any CPU
		{B83B4B8D-9BF6-457E-BB9D-D2F8DCD74FD0}.Release|Any CPU.Build.0 = Release|Any CPU
	EndGlobalSection
	GlobalSection(SolutionProperties) = preSolution
		HideSolutionNode = FALSE
	EndGlobalSection
	GlobalSection(ExtensibilityGlobals) = postSolution
		SolutionGuid = {20DC0FD6-7CB9-4AB9-A05F-89F171A666FC}
	EndGlobalSection
EndGlobal
